// !$*UTF8*$!
{
	archiveVersion = 1;
	classes = {
	};
	objectVersion = 50;
	objects = {

/* Begin PBXBuildFile section */
		0103B7FE211476B800D1DE85 /* AppDelegate.swift in Sources */ = {isa = PBXBuildFile; fileRef = 0103B7FD211476B800D1DE85 /* AppDelegate.swift */; };
		0103B803211476B800D1DE85 /* Main.storyboard in Resources */ = {isa = PBXBuildFile; fileRef = 0103B801211476B800D1DE85 /* Main.storyboard */; };
		0103B805211476BA00D1DE85 /* Assets.xcassets in Resources */ = {isa = PBXBuildFile; fileRef = 0103B804211476BA00D1DE85 /* Assets.xcassets */; };
		0103B808211476BA00D1DE85 /* LaunchScreen.storyboard in Resources */ = {isa = PBXBuildFile; fileRef = 0103B806211476BA00D1DE85 /* LaunchScreen.storyboard */; };
		0103B813211476BA00D1DE85 /* PhotoramaTests.swift in Sources */ = {isa = PBXBuildFile; fileRef = 0103B812211476BA00D1DE85 /* PhotoramaTests.swift */; };
		0103B81E211476BA00D1DE85 /* PhotoramaUITests.swift in Sources */ = {isa = PBXBuildFile; fileRef = 0103B81D211476BA00D1DE85 /* PhotoramaUITests.swift */; };
		01AC613521147A6B00429851 /* PhotosViewController.swift in Sources */ = {isa = PBXBuildFile; fileRef = 01AC613421147A6B00429851 /* PhotosViewController.swift */; };
		01AC613721147E6600429851 /* FlickrAPI.swift in Sources */ = {isa = PBXBuildFile; fileRef = 01AC613621147E6600429851 /* FlickrAPI.swift */; };
		01AC61392114850000429851 /* PhotoStore.swift in Sources */ = {isa = PBXBuildFile; fileRef = 01AC61382114850000429851 /* PhotoStore.swift */; };
		01AC613B21148B7200429851 /* Photo.swift in Sources */ = {isa = PBXBuildFile; fileRef = 01AC613A21148B7200429851 /* Photo.swift */; };
		01AC613D2115A01B00429851 /* PhotoDataSource.swift in Sources */ = {isa = PBXBuildFile; fileRef = 01AC613C2115A01B00429851 /* PhotoDataSource.swift */; };
		01AC613F2115B6C400429851 /* PhotoCollectionViewCell.swift in Sources */ = {isa = PBXBuildFile; fileRef = 01AC613E2115B6C400429851 /* PhotoCollectionViewCell.swift */; };
		01AC61432115CC2100429851 /* ImageStore.swift in Sources */ = {isa = PBXBuildFile; fileRef = 01AC61422115CC2100429851 /* ImageStore.swift */; };
/* End PBXBuildFile section */

/* Begin PBXContainerItemProxy section */
		0103B80F211476BA00D1DE85 /* PBXContainerItemProxy */ = {
			isa = PBXContainerItemProxy;
			containerPortal = 0103B7F2211476B800D1DE85 /* Project object */;
			proxyType = 1;
			remoteGlobalIDString = 0103B7F9211476B800D1DE85;
			remoteInfo = Photorama;
		};
		0103B81A211476BA00D1DE85 /* PBXContainerItemProxy */ = {
			isa = PBXContainerItemProxy;
			containerPortal = 0103B7F2211476B800D1DE85 /* Project object */;
			proxyType = 1;
			remoteGlobalIDString = 0103B7F9211476B800D1DE85;
			remoteInfo = Photorama;
		};
/* End PBXContainerItemProxy section */

/* Begin PBXFileReference section */
		0103B7FA211476B800D1DE85 /* Photorama.app */ = {isa = PBXFileReference; explicitFileType = wrapper.application; includeInIndex = 0; path = Photorama.app; sourceTree = BUILT_PRODUCTS_DIR; };
		0103B7FD211476B800D1DE85 /* AppDelegate.swift */ = {isa = PBXFileReference; lastKnownFileType = sourcecode.swift; path = AppDelegate.swift; sourceTree = "<group>"; };
		0103B802211476B800D1DE85 /* Base */ = {isa = PBXFileReference; lastKnownFileType = file.storyboard; name = Base; path = Base.lproj/Main.storyboard; sourceTree = "<group>"; };
		0103B804211476BA00D1DE85 /* Assets.xcassets */ = {isa = PBXFileReference; lastKnownFileType = folder.assetcatalog; path = Assets.xcassets; sourceTree = "<group>"; };
		0103B807211476BA00D1DE85 /* Base */ = {isa = PBXFileReference; lastKnownFileType = file.storyboard; name = Base; path = Base.lproj/LaunchScreen.storyboard; sourceTree = "<group>"; };
		0103B809211476BA00D1DE85 /* Info.plist */ = {isa = PBXFileReference; lastKnownFileType = text.plist.xml; path = Info.plist; sourceTree = "<group>"; };
		0103B80E211476BA00D1DE85 /* PhotoramaTests.xctest */ = {isa = PBXFileReference; explicitFileType = wrapper.cfbundle; includeInIndex = 0; path = PhotoramaTests.xctest; sourceTree = BUILT_PRODUCTS_DIR; };
		0103B812211476BA00D1DE85 /* PhotoramaTests.swift */ = {isa = PBXFileReference; lastKnownFileType = sourcecode.swift; path = PhotoramaTests.swift; sourceTree = "<group>"; };
		0103B814211476BA00D1DE85 /* Info.plist */ = {isa = PBXFileReference; lastKnownFileType = text.plist.xml; path = Info.plist; sourceTree = "<group>"; };
		0103B819211476BA00D1DE85 /* PhotoramaUITests.xctest */ = {isa = PBXFileReference; explicitFileType = wrapper.cfbundle; includeInIndex = 0; path = PhotoramaUITests.xctest; sourceTree = BUILT_PRODUCTS_DIR; };
		0103B81D211476BA00D1DE85 /* PhotoramaUITests.swift */ = {isa = PBXFileReference; lastKnownFileType = sourcecode.swift; path = PhotoramaUITests.swift; sourceTree = "<group>"; };
		0103B81F211476BA00D1DE85 /* Info.plist */ = {isa = PBXFileReference; lastKnownFileType = text.plist.xml; path = Info.plist; sourceTree = "<group>"; };
		01AC613421147A6B00429851 /* PhotosViewController.swift */ = {isa = PBXFileReference; lastKnownFileType = sourcecode.swift; path = PhotosViewController.swift; sourceTree = "<group>"; };
		01AC613621147E6600429851 /* FlickrAPI.swift */ = {isa = PBXFileReference; lastKnownFileType = sourcecode.swift; path = FlickrAPI.swift; sourceTree = "<group>"; };
		01AC61382114850000429851 /* PhotoStore.swift */ = {isa = PBXFileReference; lastKnownFileType = sourcecode.swift; path = PhotoStore.swift; sourceTree = "<group>"; };
		01AC613A21148B7200429851 /* Photo.swift */ = {isa = PBXFileReference; lastKnownFileType = sourcecode.swift; path = Photo.swift; sourceTree = "<group>"; };
		01AC613C2115A01B00429851 /* PhotoDataSource.swift */ = {isa = PBXFileReference; lastKnownFileType = sourcecode.swift; path = PhotoDataSource.swift; sourceTree = "<group>"; };
		01AC613E2115B6C400429851 /* PhotoCollectionViewCell.swift */ = {isa = PBXFileReference; lastKnownFileType = sourcecode.swift; path = PhotoCollectionViewCell.swift; sourceTree = "<group>"; };
		01AC61422115CC2100429851 /* ImageStore.swift */ = {isa = PBXFileReference; fileEncoding = 4; lastKnownFileType = sourcecode.swift; path = ImageStore.swift; sourceTree = "<group>"; };
/* End PBXFileReference section */

/* Begin PBXFrameworksBuildPhase section */
		0103B7F7211476B800D1DE85 /* Frameworks */ = {
			isa = PBXFrameworksBuildPhase;
			buildActionMask = 2147483647;
			files = (
			);
			runOnlyForDeploymentPostprocessing = 0;
		};
		0103B80B211476BA00D1DE85 /* Frameworks */ = {
			isa = PBXFrameworksBuildPhase;
			buildActionMask = 2147483647;
			files = (
			);
			runOnlyForDeploymentPostprocessing = 0;
		};
		0103B816211476BA00D1DE85 /* Frameworks */ = {
			isa = PBXFrameworksBuildPhase;
			buildActionMask = 2147483647;
			files = (
			);
			runOnlyForDeploymentPostprocessing = 0;
		};
/* End PBXFrameworksBuildPhase section */

/* Begin PBXGroup section */
		0103B7F1211476B800D1DE85 = {
			isa = PBXGroup;
			children = (
				0103B7FC211476B800D1DE85 /* Photorama */,
				0103B811211476BA00D1DE85 /* PhotoramaTests */,
				0103B81C211476BA00D1DE85 /* PhotoramaUITests */,
				0103B7FB211476B800D1DE85 /* Products */,
			);
			sourceTree = "<group>";
		};
		0103B7FB211476B800D1DE85 /* Products */ = {
			isa = PBXGroup;
			children = (
				0103B7FA211476B800D1DE85 /* Photorama.app */,
				0103B80E211476BA00D1DE85 /* PhotoramaTests.xctest */,
				0103B819211476BA00D1DE85 /* PhotoramaUITests.xctest */,
			);
			name = Products;
			sourceTree = "<group>";
		};
		0103B7FC211476B800D1DE85 /* Photorama */ = {
			isa = PBXGroup;
			children = (
				0103B7FD211476B800D1DE85 /* AppDelegate.swift */,
				0103B801211476B800D1DE85 /* Main.storyboard */,
				0103B804211476BA00D1DE85 /* Assets.xcassets */,
				0103B806211476BA00D1DE85 /* LaunchScreen.storyboard */,
				0103B809211476BA00D1DE85 /* Info.plist */,
				01AC613421147A6B00429851 /* PhotosViewController.swift */,
				01AC613621147E6600429851 /* FlickrAPI.swift */,
				01AC61382114850000429851 /* PhotoStore.swift */,
				01AC613A21148B7200429851 /* Photo.swift */,
				01AC613C2115A01B00429851 /* PhotoDataSource.swift */,
				01AC613E2115B6C400429851 /* PhotoCollectionViewCell.swift */,
				01AC61422115CC2100429851 /* ImageStore.swift */,
			);
			path = Photorama;
			sourceTree = "<group>";
		};
		0103B811211476BA00D1DE85 /* PhotoramaTests */ = {
			isa = PBXGroup;
			children = (
				0103B812211476BA00D1DE85 /* PhotoramaTests.swift */,
				0103B814211476BA00D1DE85 /* Info.plist */,
			);
			path = PhotoramaTests;
			sourceTree = "<group>";
		};
		0103B81C211476BA00D1DE85 /* PhotoramaUITests */ = {
			isa = PBXGroup;
			children = (
				0103B81D211476BA00D1DE85 /* PhotoramaUITests.swift */,
				0103B81F211476BA00D1DE85 /* Info.plist */,
			);
			path = PhotoramaUITests;
			sourceTree = "<group>";
		};
/* End PBXGroup section */

/* Begin PBXNativeTarget section */
		0103B7F9211476B800D1DE85 /* Photorama */ = {
			isa = PBXNativeTarget;
			buildConfigurationList = 0103B822211476BA00D1DE85 /* Build configuration list for PBXNativeTarget "Photorama" */;
			buildPhases = (
				0103B7F6211476B800D1DE85 /* Sources */,
				0103B7F7211476B800D1DE85 /* Frameworks */,
				0103B7F8211476B800D1DE85 /* Resources */,
			);
			buildRules = (
			);
			dependencies = (
			);
			name = Photorama;
			productName = Photorama;
			productReference = 0103B7FA211476B800D1DE85 /* Photorama.app */;
			productType = "com.apple.product-type.application";
		};
		0103B80D211476BA00D1DE85 /* PhotoramaTests */ = {
			isa = PBXNativeTarget;
			buildConfigurationList = 0103B825211476BA00D1DE85 /* Build configuration list for PBXNativeTarget "PhotoramaTests" */;
			buildPhases = (
				0103B80A211476BA00D1DE85 /* Sources */,
				0103B80B211476BA00D1DE85 /* Frameworks */,
				0103B80C211476BA00D1DE85 /* Resources */,
			);
			buildRules = (
			);
			dependencies = (
				0103B810211476BA00D1DE85 /* PBXTargetDependency */,
			);
			name = PhotoramaTests;
			productName = PhotoramaTests;
			productReference = 0103B80E211476BA00D1DE85 /* PhotoramaTests.xctest */;
			productType = "com.apple.product-type.bundle.unit-test";
		};
		0103B818211476BA00D1DE85 /* PhotoramaUITests */ = {
			isa = PBXNativeTarget;
			buildConfigurationList = 0103B828211476BA00D1DE85 /* Build configuration list for PBXNativeTarget "PhotoramaUITests" */;
			buildPhases = (
				0103B815211476BA00D1DE85 /* Sources */,
				0103B816211476BA00D1DE85 /* Frameworks */,
				0103B817211476BA00D1DE85 /* Resources */,
			);
			buildRules = (
			);
			dependencies = (
				0103B81B211476BA00D1DE85 /* PBXTargetDependency */,
			);
			name = PhotoramaUITests;
			productName = PhotoramaUITests;
			productReference = 0103B819211476BA00D1DE85 /* PhotoramaUITests.xctest */;
			productType = "com.apple.product-type.bundle.ui-testing";
		};
/* End PBXNativeTarget section */

/* Begin PBXProject section */
		0103B7F2211476B800D1DE85 /* Project object */ = {
			isa = PBXProject;
			attributes = {
				LastSwiftUpdateCheck = 0940;
				LastUpgradeCheck = 0940;
				ORGANIZATIONNAME = Oasis;
				TargetAttributes = {
					0103B7F9211476B800D1DE85 = {
						CreatedOnToolsVersion = 9.4.1;
					};
					0103B80D211476BA00D1DE85 = {
						CreatedOnToolsVersion = 9.4.1;
						TestTargetID = 0103B7F9211476B800D1DE85;
					};
					0103B818211476BA00D1DE85 = {
						CreatedOnToolsVersion = 9.4.1;
						TestTargetID = 0103B7F9211476B800D1DE85;
					};
				};
			};
			buildConfigurationList = 0103B7F5211476B800D1DE85 /* Build configuration list for PBXProject "Photorama" */;
			compatibilityVersion = "Xcode 9.3";
			developmentRegion = en;
			hasScannedForEncodings = 0;
			knownRegions = (
				en,
				Base,
			);
			mainGroup = 0103B7F1211476B800D1DE85;
			productRefGroup = 0103B7FB211476B800D1DE85 /* Products */;
			projectDirPath = "";
			projectRoot = "";
			targets = (
				0103B7F9211476B800D1DE85 /* Photorama */,
				0103B80D211476BA00D1DE85 /* PhotoramaTests */,
				0103B818211476BA00D1DE85 /* PhotoramaUITests */,
			);
		};
/* End PBXProject section */

/* Begin PBXResourcesBuildPhase section */
		0103B7F8211476B800D1DE85 /* Resources */ = {
			isa = PBXResourcesBuildPhase;
			buildActionMask = 2147483647;
			files = (
				0103B808211476BA00D1DE85 /* LaunchScreen.storyboard in Resources */,
				0103B805211476BA00D1DE85 /* Assets.xcassets in Resources */,
				0103B803211476B800D1DE85 /* Main.storyboard in Resources */,
			);
			runOnlyForDeploymentPostprocessing = 0;
		};
		0103B80C211476BA00D1DE85 /* Resources */ = {
			isa = PBXResourcesBuildPhase;
			buildActionMask = 2147483647;
			files = (
			);
			runOnlyForDeploymentPostprocessing = 0;
		};
		0103B817211476BA00D1DE85 /* Resources */ = {
			isa = PBXResourcesBuildPhase;
			buildActionMask = 2147483647;
			files = (
			);
			runOnlyForDeploymentPostprocessing = 0;
		};
/* End PBXResourcesBuildPhase section */

/* Begin PBXSourcesBuildPhase section */
		0103B7F6211476B800D1DE85 /* Sources */ = {
			isa = PBXSourcesBuildPhase;
			buildActionMask = 2147483647;
			files = (
				01AC613721147E6600429851 /* FlickrAPI.swift in Sources */,
				0103B7FE211476B800D1DE85 /* AppDelegate.swift in Sources */,
				01AC61392114850000429851 /* PhotoStore.swift in Sources */,
				01AC61432115CC2100429851 /* ImageStore.swift in Sources */,
				01AC613D2115A01B00429851 /* PhotoDataSource.swift in Sources */,
				01AC613F2115B6C400429851 /* PhotoCollectionViewCell.swift in Sources */,
				01AC613521147A6B00429851 /* PhotosViewController.swift in Sources */,
				01AC613B21148B7200429851 /* Photo.swift in Sources */,
			);
			runOnlyForDeploymentPostprocessing = 0;
		};
		0103B80A211476BA00D1DE85 /* Sources */ = {
			isa = PBXSourcesBuildPhase;
			buildActionMask = 2147483647;
			files = (
				0103B813211476BA00D1DE85 /* PhotoramaTests.swift in Sources */,
			);
			runOnlyForDeploymentPostprocessing = 0;
		};
		0103B815211476BA00D1DE85 /* Sources */ = {
			isa = PBXSourcesBuildPhase;
			buildActionMask = 2147483647;
			files = (
				0103B81E211476BA00D1DE85 /* PhotoramaUITests.swift in Sources */,
			);
			runOnlyForDeploymentPostprocessing = 0;
		};
/* End PBXSourcesBuildPhase section */

/* Begin PBXTargetDependency section */
		0103B810211476BA00D1DE85 /* PBXTargetDependency */ = {
			isa = PBXTargetDependency;
			target = 0103B7F9211476B800D1DE85 /* Photorama */;
			targetProxy = 0103B80F211476BA00D1DE85 /* PBXContainerItemProxy */;
		};
		0103B81B211476BA00D1DE85 /* PBXTargetDependency */ = {
			isa = PBXTargetDependency;
			target = 0103B7F9211476B800D1DE85 /* Photorama */;
			targetProxy = 0103B81A211476BA00D1DE85 /* PBXContainerItemProxy */;
		};
/* End PBXTargetDependency section */

/* Begin PBXVariantGroup section */
		0103B801211476B800D1DE85 /* Main.storyboard */ = {
			isa = PBXVariantGroup;
			children = (
				0103B802211476B800D1DE85 /* Base */,
			);
			name = Main.storyboard;
			sourceTree = "<group>";
		};
		0103B806211476BA00D1DE85 /* LaunchScreen.storyboard */ = {
			isa = PBXVariantGroup;
			children = (
				0103B807211476BA00D1DE85 /* Base */,
			);
			name = LaunchScreen.storyboard;
			sourceTree = "<group>";
		};
/* End PBXVariantGroup section */

/* Begin XCBuildConfiguration section */
		0103B820211476BA00D1DE85 /* Debug */ = {
			isa = XCBuildConfiguration;
			buildSettings = {
				ALWAYS_SEARCH_USER_PATHS = NO;
				CLANG_ANALYZER_NONNULL = YES;
				CLANG_ANALYZER_NUMBER_OBJECT_CONVERSION = YES_AGGRESSIVE;
				CLANG_CXX_LANGUAGE_STANDARD = "gnu++14";
				CLANG_CXX_LIBRARY = "libc++";
				CLANG_ENABLE_MODULES = YES;
				CLANG_ENABLE_OBJC_ARC = YES;
				CLANG_ENABLE_OBJC_WEAK = YES;
				CLANG_WARN_BLOCK_CAPTURE_AUTORELEASING = YES;
				CLANG_WARN_BOOL_CONVERSION = YES;
				CLANG_WARN_COMMA = YES;
				CLANG_WARN_CONSTANT_CONVERSION = YES;
				CLANG_WARN_DEPRECATED_OBJC_IMPLEMENTATIONS = YES;
				CLANG_WARN_DIRECT_OBJC_ISA_USAGE = YES_ERROR;
				CLANG_WARN_DOCUMENTATION_COMMENTS = YES;
				CLANG_WARN_EMPTY_BODY = YES;
				CLANG_WARN_ENUM_CONVERSION = YES;
				CLANG_WARN_INFINITE_RECURSION = YES;
				CLANG_WARN_INT_CONVERSION = YES;
				CLANG_WARN_NON_LITERAL_NULL_CONVERSION = YES;
				CLANG_WARN_OBJC_IMPLICIT_RETAIN_SELF = YES;
				CLANG_WARN_OBJC_LITERAL_CONVERSION = YES;
				CLANG_WARN_OBJC_ROOT_CLASS = YES_ERROR;
				CLANG_WARN_RANGE_LOOP_ANALYSIS = YES;
				CLANG_WARN_STRICT_PROTOTYPES = YES;
				CLANG_WARN_SUSPICIOUS_MOVE = YES;
				CLANG_WARN_UNGUARDED_AVAILABILITY = YES_AGGRESSIVE;
				CLANG_WARN_UNREACHABLE_CODE = YES;
				CLANG_WARN__DUPLICATE_METHOD_MATCH = YES;
				CODE_SIGN_IDENTITY = "iPhone Developer";
				COPY_PHASE_STRIP = NO;
				DEBUG_INFORMATION_FORMAT = dwarf;
				ENABLE_STRICT_OBJC_MSGSEND = YES;
				ENABLE_TESTABILITY = YES;
				GCC_C_LANGUAGE_STANDARD = gnu11;
				GCC_DYNAMIC_NO_PIC = NO;
				GCC_NO_COMMON_BLOCKS = YES;
				GCC_OPTIMIZATION_LEVEL = 0;
				GCC_PREPROCESSOR_DEFINITIONS = (
					"DEBUG=1",
					"$(inherited)",
				);
				GCC_WARN_64_TO_32_BIT_CONVERSION = YES;
				GCC_WARN_ABOUT_RETURN_TYPE = YES_ERROR;
				GCC_WARN_UNDECLARED_SELECTOR = YES;
				GCC_WARN_UNINITIALIZED_AUTOS = YES_AGGRESSIVE;
				GCC_WARN_UNUSED_FUNCTION = YES;
				GCC_WARN_UNUSED_VARIABLE = YES;
				IPHONEOS_DEPLOYMENT_TARGET = 11.4;
				MTL_ENABLE_DEBUG_INFO = YES;
				ONLY_ACTIVE_ARCH = YES;
				SDKROOT = iphoneos;
				SWIFT_ACTIVE_COMPILATION_CONDITIONS = DEBUG;
				SWIFT_OPTIMIZATION_LEVEL = "-Onone";
			};
			name = Debug;
		};
		0103B821211476BA00D1DE85 /* Release */ = {
			isa = XCBuildConfiguration;
			buildSettings = {
				ALWAYS_SEARCH_USER_PATHS = NO;
				CLANG_ANALYZER_NONNULL = YES;
				CLANG_ANALYZER_NUMBER_OBJECT_CONVERSION = YES_AGGRESSIVE;
				CLANG_CXX_LANGUAGE_STANDARD = "gnu++14";
				CLANG_CXX_LIBRARY = "libc++";
				CLANG_ENABLE_MODULES = YES;
				CLANG_ENABLE_OBJC_ARC = YES;
				CLANG_ENABLE_OBJC_WEAK = YES;
				CLANG_WARN_BLOCK_CAPTURE_AUTORELEASING = YES;
				CLANG_WARN_BOOL_CONVERSION = YES;
				CLANG_WARN_COMMA = YES;
				CLANG_WARN_CONSTANT_CONVERSION = YES;
				CLANG_WARN_DEPRECATED_OBJC_IMPLEMENTATIONS = YES;
				CLANG_WARN_DIRECT_OBJC_ISA_USAGE = YES_ERROR;
				CLANG_WARN_DOCUMENTATION_COMMENTS = YES;
				CLANG_WARN_EMPTY_BODY = YES;
				CLANG_WARN_ENUM_CONVERSION = YES;
				CLANG_WARN_INFINITE_RECURSION = YES;
				CLANG_WARN_INT_CONVERSION = YES;
				CLANG_WARN_NON_LITERAL_NULL_CONVERSION = YES;
				CLANG_WARN_OBJC_IMPLICIT_RETAIN_SELF = YES;
				CLANG_WARN_OBJC_LITERAL_CONVERSION = YES;
				CLANG_WARN_OBJC_ROOT_CLASS = YES_ERROR;
				CLANG_WARN_RANGE_LOOP_ANALYSIS = YES;
				CLANG_WARN_STRICT_PROTOTYPES = YES;
				CLANG_WARN_SUSPICIOUS_MOVE = YES;
				CLANG_WARN_UNGUARDED_AVAILABILITY = YES_AGGRESSIVE;
				CLANG_WARN_UNREACHABLE_CODE = YES;
				CLANG_WARN__DUPLICATE_METHOD_MATCH = YES;
				CODE_SIGN_IDENTITY = "iPhone Developer";
				COPY_PHASE_STRIP = NO;
				DEBUG_INFORMATION_FORMAT = "dwarf-with-dsym";
				ENABLE_NS_ASSERTIONS = NO;
				ENABLE_STRICT_OBJC_MSGSEND = YES;
				GCC_C_LANGUAGE_STANDARD = gnu11;
				GCC_NO_COMMON_BLOCKS = YES;
				GCC_WARN_64_TO_32_BIT_CONVERSION = YES;
				GCC_WARN_ABOUT_RETURN_TYPE = YES_ERROR;
				GCC_WARN_UNDECLARED_SELECTOR = YES;
				GCC_WARN_UNINITIALIZED_AUTOS = YES_AGGRESSIVE;
				GCC_WARN_UNUSED_FUNCTION = YES;
				GCC_WARN_UNUSED_VARIABLE = YES;
				IPHONEOS_DEPLOYMENT_TARGET = 11.4;
				MTL_ENABLE_DEBUG_INFO = NO;
				SDKROOT = iphoneos;
				SWIFT_COMPILATION_MODE = wholemodule;
				SWIFT_OPTIMIZATION_LEVEL = "-O";
				VALIDATE_PRODUCT = YES;
			};
			name = Release;
		};
		0103B823211476BA00D1DE85 /* Debug */ = {
			isa = XCBuildConfiguration;
			buildSettings = {
				ASSETCATALOG_COMPILER_APPICON_NAME = AppIcon;
				CODE_SIGN_STYLE = Automatic;
				DEVELOPMENT_TEAM = 9DN3ZSK5H3;
				INFOPLIST_FILE = Photorama/Info.plist;
				IPHONEOS_DEPLOYMENT_TARGET = 10.3;
				LD_RUNPATH_SEARCH_PATHS = (
					"$(inherited)",
					"@executable_path/Frameworks",
				);
				PRODUCT_BUNDLE_IDENTIFIER = com.bignerdranch.Photorama;
				PRODUCT_NAME = "$(TARGET_NAME)";
				SWIFT_VERSION = 4.0;
				TARGETED_DEVICE_FAMILY = "1,2";
			};
			name = Debug;
		};
		0103B824211476BA00D1DE85 /* Release */ = {
			isa = XCBuildConfiguration;
			buildSettings = {
				ASSETCATALOG_COMPILER_APPICON_NAME = AppIcon;
				CODE_SIGN_STYLE = Automatic;
				DEVELOPMENT_TEAM = 9DN3ZSK5H3;
				INFOPLIST_FILE = Photorama/Info.plist;
				IPHONEOS_DEPLOYMENT_TARGET = 10.3;
				LD_RUNPATH_SEARCH_PATHS = (
					"$(inherited)",
					"@executable_path/Frameworks",
				);
				PRODUCT_BUNDLE_IDENTIFIER = com.bignerdranch.Photorama;
				PRODUCT_NAME = "$(TARGET_NAME)";
				SWIFT_VERSION = 4.0;
				TARGETED_DEVICE_FAMILY = "1,2";
			};
			name = Release;
		};
		0103B826211476BA00D1DE85 /* Debug */ = {
			isa = XCBuildConfiguration;
			buildSettings = {
				ALWAYS_EMBED_SWIFT_STANDARD_LIBRARIES = YES;
				BUNDLE_LOADER = "$(TEST_HOST)";
				CODE_SIGN_STYLE = Automatic;
				INFOPLIST_FILE = PhotoramaTests/Info.plist;
				LD_RUNPATH_SEARCH_PATHS = (
					"$(inherited)",
					"@executable_path/Frameworks",
					"@loader_path/Frameworks",
				);
				PRODUCT_BUNDLE_IDENTIFIER = com.bignerdranch.PhotoramaTests;
				PRODUCT_NAME = "$(TARGET_NAME)";
				SWIFT_VERSION = 4.0;
				TARGETED_DEVICE_FAMILY = "1,2";
				TEST_HOST = "$(BUILT_PRODUCTS_DIR)/Photorama.app/Photorama";
			};
			name = Debug;
		};
		0103B827211476BA00D1DE85 /* Release */ = {
			isa = XCBuildConfiguration;
			buildSettings = {
				ALWAYS_EMBED_SWIFT_STANDARD_LIBRARIES = YES;
				BUNDLE_LOADER = "$(TEST_HOST)";
				CODE_SIGN_STYLE = Automatic;
				INFOPLIST_FILE = PhotoramaTests/Info.plist;
				LD_RUNPATH_SEARCH_PATHS = (
					"$(inherited)",
					"@executable_path/Frameworks",
					"@loader_path/Frameworks",
				);
				PRODUCT_BUNDLE_IDENTIFIER = com.bignerdranch.PhotoramaTests;
				PRODUCT_NAME = "$(TARGET_NAME)";
				SWIFT_VERSION = 4.0;
				TARGETED_DEVICE_FAMILY = "1,2";
				TEST_HOST = "$(BUILT_PRODUCTS_DIR)/Photorama.app/Photorama";
			};
			name = Release;
		};
		0103B829211476BA00D1DE85 /* Debug */ = {
			isa = XCBuildConfiguration;
			buildSettings = {
				ALWAYS_EMBED_SWIFT_STANDARD_LIBRARIES = YES;
				CODE_SIGN_STYLE = Automatic;
				INFOPLIST_FILE = PhotoramaUITests/Info.plist;
				LD_RUNPATH_SEARCH_PATHS = (
					"$(inherited)",
					"@executable_path/Frameworks",
					"@loader_path/Frameworks",
				);
				PRODUCT_BUNDLE_IDENTIFIER = com.bignerdranch.PhotoramaUITests;
				PRODUCT_NAME = "$(TARGET_NAME)";
				SWIFT_VERSION = 4.0;
				TARGETED_DEVICE_FAMILY = "1,2";
				TEST_TARGET_NAME = Photorama;
			};
			name = Debug;
		};
		0103B82A211476BA00D1DE85 /* Release */ = {
			isa = XCBuildConfiguration;
			buildSettings = {
				ALWAYS_EMBED_SWIFT_STANDARD_LIBRARIES = YES;
				CODE_SIGN_STYLE = Automatic;
				INFOPLIST_FILE = PhotoramaUITests/Info.plist;
				LD_RUNPATH_SEARCH_PATHS = (
					"$(inherited)",
					"@executable_path/Frameworks",
					"@loader_path/Frameworks",
				);
				PRODUCT_BUNDLE_IDENTIFIER = com.bignerdranch.PhotoramaUITests;
				PRODUCT_NAME = "$(TARGET_NAME)";
				SWIFT_VERSION = 4.0;
				TARGETED_DEVICE_FAMILY = "1,2";
				TEST_TARGET_NAME = Photorama;
			};
			name = Release;
		};
/* End XCBuildConfiguration section */

/* Begin XCConfigurationList section */
		0103B7F5211476B800D1DE85 /* Build configuration list for PBXProject "Photorama" */ = {
			isa = XCConfigurationList;
			buildConfigurations = (
				0103B820211476BA00D1DE85 /* Debug */,
				0103B821211476BA00D1DE85 /* Release */,
			);
			defaultConfigurationIsVisible = 0;
			defaultConfigurationName = Release;
		};
		0103B822211476BA00D1DE85 /* Build configuration list for PBXNativeTarget "Photorama" */ = {
			isa = XCConfigurationList;
			buildConfigurations = (
				0103B823211476BA00D1DE85 /* Debug */,
				0103B824211476BA00D1DE85 /* Release */,
			);
			defaultConfigurationIsVisible = 0;
			defaultConfigurationName = Release;
		};
		0103B825211476BA00D1DE85 /* Build configuration list for PBXNativeTarget "PhotoramaTests" */ = {
			isa = XCConfigurationList;
			buildConfigurations = (
				0103B826211476BA00D1DE85 /* Debug */,
				0103B827211476BA00D1DE85 /* Release */,
			);
			defaultConfigurationIsVisible = 0;
			defaultConfigurationName = Release;
		};
		0103B828211476BA00D1DE85 /* Build configuration list for PBXNativeTarget "PhotoramaUITests" */ = {
			isa = XCConfigurationList;
			buildConfigurations = (
				0103B829211476BA00D1DE85 /* Debug */,
				0103B82A211476BA00D1DE85 /* Release */,
			);
			defaultConfigurationIsVisible = 0;
			defaultConfigurationName = Release;
		};
/* End XCConfigurationList section */
	};
	rootObject = 0103B7F2211476B800D1DE85 /* Project object */;
}
